<?xml version="1.0" encoding="utf-8"?>
<Project ToolsVersion="4.0" xmlns="http://schemas.microsoft.com/developer/msbuild/2003">
  <ItemGroup>
    <Filter Include="Source Files">
      <UniqueIdentifier>{4FC737F1-C7A5-4376-A066-2A32D752A2FF}</UniqueIdentifier>
      <Extensions>cpp;c;cc;cxx;def;odl;idl;hpj;bat;asm;asmx</Extensions>
    </Filter>
    <Filter Include="Header Files">
      <UniqueIdentifier>{93995380-89BD-4b04-88EB-625FBE52EBFB}</UniqueIdentifier>
      <Extensions>h;hh;hpp;hxx;hm;inl;inc;xsd</Extensions>
    </Filter>
    <Filter Include="Resource Files">
      <UniqueIdentifier>{67DA6AB6-F800-4c08-8B7A-83BB121AAD01}</UniqueIdentifier>
      <Extensions>rc;ico;cur;bmp;dlg;rc2;rct;bin;rgs;gif;jpg;jpeg;jpe;resx;tiff;tif;png;wav;mfcribbon-ms</Extensions>
    </Filter>
  </ItemGroup>
  <ItemGroup>
    <ClCompile Include="main.cpp">
      <Filter>Source Files</Filter>
    </ClCompile>
    <ClCompile Include="advent1.cpp">
      <Filter>Source Files</Filter>
    </ClCompile>
    <ClCompile Include="advent2.cpp">
      <Filter>Source Files</Filter>
    </ClCompile>
    <ClCompile Include="advent3.cpp">
      <Filter>Source Files</Filter>
    </ClCompile>
    <ClCompile Include="advent4.cpp">
      <Filter>Source Files</Filter>
    </ClCompile>
    <ClCompile Include="advent5.cpp">
      <Filter>Source Files</Filter>
    </ClCompile>
    <ClCompile Include="md5.cpp">
      <Filter>Source Files</Filter>
    </ClCompile>
    <ClCompile Include="advent6.cpp">
      <Filter>Source Files</Filter>
    </ClCompile>
    <ClCompile Include="advent7.cpp">
      <Filter>Source Files</Filter>
    </ClCompile>
    <ClCompile Include="advent8.cpp">
      <Filter>Source Files</Filter>
    </ClCompile>
    <ClCompile Include="advent9.cpp">
      <Filter>Source Files</Filter>
    </ClCompile>
    <ClCompile Include="advent10.cpp">
      <Filter>Source Files</Filter>
    </ClCompile>
    <ClCompile Include="advent11.cpp">
      <Filter>Source Files</Filter>
    </ClCompile>
    <ClCompile Include="advent12.cpp">
      <Filter>Source Files</Filter>
    </ClCompile>
    <ClCompile Include="advent13.cpp">
      <Filter>Source Files</Filter>
    </ClCompile>
    <ClCompile Include="advent14.cpp">
      <Filter>Source Files</Filter>
    </ClCompile>
    <ClCompile Include="advent15.cpp">
      <Filter>Source Files</Filter>
    </ClCompile>
    <ClCompile Include="advent16.cpp">
      <Filter>Source Files</Filter>
    </ClCompile>
  </ItemGroup>
  <ItemGroup>
    <ClInclude Include="md5.h">
      <Filter>Source Files</Filter>
    </ClInclude>
    <ClInclude Include="advent7.h">
      <Filter>Header Files</Filter>
    </ClInclude>
    <ClInclude Include="advent6.h">
      <Filter>Header Files</Filter>
    </ClInclude>
    <ClInclude Include="advent5.h">
      <Filter>Header Files</Filter>
    </ClInclude>
    <ClInclude Include="advent4.h">
      <Filter>Header Files</Filter>
    </ClInclude>
    <ClInclude Include="advent3.h">
      <Filter>Header Files</Filter>
    </ClInclude>
    <ClInclude Include="advent2.h">
      <Filter>Header Files</Filter>
    </ClInclude>
    <ClInclude Include="advent1.h">
      <Filter>Header Files</Filter>
    </ClInclude>
    <ClInclude Include="advent.h">
      <Filter>Header Files</Filter>
    </ClInclude>
  </ItemGroup>
  <ItemGroup>
    <Text Include="advent9.txt">
      <Filter>Resource Files</Filter>
    </Text>
    <Text Include="advent8.txt">
      <Filter>Resource Files</Filter>
    </Text>
    <Text Include="advent7.txt">
      <Filter>Resource Files</Filter>
    </Text>
    <Text Include="advent6.txt">
      <Filter>Resource Files</Filter>
    </Text>
    <Text Include="advent4.txt">
      <Filter>Resource Files</Filter>
    </Text>
    <Text Include="advent3.txt">
      <Filter>Resource Files</Filter>
    </Text>
    <Text Include="advent2.txt">
      <Filter>Resource Files</Filter>
    </Text>
    <Text Include="advent1.txt">
      <Filter>Resource Files</Filter>
    </Text>
    <Text Include="advent10.txt">
      <Filter>Resource Files</Filter>
    </Text>
    <Text Include="advent11.txt">
      <Filter>Resource Files</Filter>
    </Text>
    <Text Include="advent12.txt">
      <Filter>Resource Files</Filter>
    </Text>
  </ItemGroup>
</Project>